
Microsoft Visual Studio Solution File, Format Version 12.00
# Visual Studio Version 16
VisualStudioVersion = 16.0.31105.61
MinimumVisualStudioVersion = 10.0.40219.1
Project("{9A19103F-16F7-4668-BE54-9A1E7A4F7556}") = "PDRProvBackEnd", "PDRProvBackEnd\PDRProvBackEnd.csproj", "{89A47CFB-63D0-4C0F-9494-D1B222746FC7}"
EndProject
Project("{9A19103F-16F7-4668-BE54-9A1E7A4F7556}") = "PDRProvBackEnd.Tests", "PawaBackEnd.Tests\PDRProvBackEnd.Tests.csproj", "{8F183CC2-04AE-4926-8241-58DD080D6BA4}"
EndProject
Global
	GlobalSection(SolutionConfigurationPlatforms) = preSolution
		Debug|Any CPU = Debug|Any CPU
		Release|Any CPU = Release|Any CPU
	EndGlobalSection
	GlobalSection(ProjectConfigurationPlatforms) = postSolution
		{89A47CFB-63D0-4C0F-9494-D1B222746FC7}.Debug|Any CPU.ActiveCfg = Debug|Any CPU
		{89A47CFB-63D0-4C0F-9494-D1B222746FC7}.Debug|Any CPU.Build.0 = Debug|Any CPU
		{89A47CFB-63D0-4C0F-9494-D1B222746FC7}.Release|Any CPU.ActiveCfg = Release|Any CPU
		{89A47CFB-63D0-4C0F-9494-D1B222746FC7}.Release|Any CPU.Build.0 = Release|Any CPU
		{8F183CC2-04AE-4926-8241-58DD080D6BA4}.Debug|Any CPU.ActiveCfg = Debug|Any CPU
		{8F183CC2-04AE-4926-8241-58DD080D6BA4}.Debug|Any CPU.Build.0 = Debug|Any CPU
		{8F183CC2-04AE-4926-8241-58DD080D6BA4}.Release|Any CPU.ActiveCfg = Release|Any CPU
		{8F183CC2-04AE-4926-8241-58DD080D6BA4}.Release|Any CPU.Build.0 = Release|Any CPU
	EndGlobalSection
	GlobalSection(SolutionProperties) = preSolution
		HideSolutionNode = FALSE
	EndGlobalSection
	GlobalSection(ExtensibilityGlobals) = postSolution
		SolutionGuid = {C0046C00-F10E-4684-84D7-DF23B6578A5D}
	EndGlobalSection
EndGlobal
